
Microsoft Visual Studio Solution File, Format Version 12.00
# Visual Studio Version 17
VisualStudioVersion = 17.6.33829.357
MinimumVisualStudioVersion = 10.0.40219.1
Project("{FAE04EC0-301F-11D3-BF4B-00C04F79EFBC}") = "WebApplication1", "WebApplication1\WebApplication1.csproj", "{27EE726B-5C10-4F86-9D63-91AD361216A6}"
EndProject
Global
	GlobalSection(SolutionConfigurationPlatforms) = preSolution
		Debug|Any CPU = Debug|Any CPU
		Release|Any CPU = Release|Any CPU
	EndGlobalSection
	GlobalSection(ProjectConfigurationPlatforms) = postSolution
		{27EE726B-5C10-4F86-9D63-91AD361216A6}.Debug|Any CPU.ActiveCfg = Debug|Any CPU
		{27EE726B-5C10-4F86-9D63-91AD361216A6}.Debug|Any CPU.Build.0 = Debug|Any CPU
		{27EE726B-5C10-4F86-9D63-91AD361216A6}.Release|Any CPU.ActiveCfg = Release|Any CPU
		{27EE726B-5C10-4F86-9D63-91AD361216A6}.Release|Any CPU.Build.0 = Release|Any CPU
	EndGlobalSection
	GlobalSection(SolutionProperties) = preSolution
		HideSolutionNode = FALSE
	EndGlobalSection
	GlobalSection(ExtensibilityGlobals) = postSolution
		SolutionGuid = {43422882-63EB-4E23-A7E4-773F00FC341B}
	EndGlobalSection
EndGlobal
